
Microsoft Visual Studio Solution File, Format Version 12.00
# Visual Studio Version 17
VisualStudioVersion = 17.5.002.0
MinimumVisualStudioVersion = 10.0.40219.1
Project("{9A19103F-16F7-4668-BE54-9A1E7A4F7556}") = "Day09", "Day09.csproj", "{75407A2A-3061-4139-99D5-8713E5EA71CB}"
EndProject
Global
	GlobalSection(SolutionConfigurationPlatforms) = preSolution
		Debug|Any CPU = Debug|Any CPU
		Release|Any CPU = Release|Any CPU
	EndGlobalSection
	GlobalSection(ProjectConfigurationPlatforms) = postSolution
		{75407A2A-3061-4139-99D5-8713E5EA71CB}.Debug|Any CPU.ActiveCfg = Debug|Any CPU
		{75407A2A-3061-4139-99D5-8713E5EA71CB}.Debug|Any CPU.Build.0 = Debug|Any CPU
		{75407A2A-3061-4139-99D5-8713E5EA71CB}.Release|Any CPU.ActiveCfg = Release|Any CPU
		{75407A2A-3061-4139-99D5-8713E5EA71CB}.Release|Any CPU.Build.0 = Release|Any CPU
	EndGlobalSection
	GlobalSection(SolutionProperties) = preSolution
		HideSolutionNode = FALSE
	EndGlobalSection
	GlobalSection(ExtensibilityGlobals) = postSolution
		SolutionGuid = {68F10FE3-9CB9-4CDB-BD9E-B2F8ED7B2FCF}
	EndGlobalSection
EndGlobal
